
Microsoft Visual Studio Solution File, Format Version 12.00
# Visual Studio 15
VisualStudioVersion = 15.0.28307.329
MinimumVisualStudioVersion = 10.0.40219.1
Project("{FAE04EC0-301F-11D3-BF4B-00C04F79EFBC}") = "App1.Android", "App1\App1.Android\App1.Android.csproj", "{0197FB05-76C7-4140-91EE-D4ED1AB5F910}"
EndProject
Project("{FAE04EC0-301F-11D3-BF4B-00C04F79EFBC}") = "App1.iOS", "App1\App1.iOS\App1.iOS.csproj", "{F81270C4-7E40-4ECA-BDC1-439A7675862F}"
EndProject
Project("{FAE04EC0-301F-11D3-BF4B-00C04F79EFBC}") = "App1", "App1\App1\App1.csproj", "{03A29A30-07AA-4D7B-910E-E9EB73307E99}"
EndProject
Global
	GlobalSection(SolutionConfigurationPlatforms) = preSolution
		Ad-Hoc|Any CPU = Ad-Hoc|Any CPU
		Ad-Hoc|iPhone = Ad-Hoc|iPhone
		Ad-Hoc|iPhoneSimulator = Ad-Hoc|iPhoneSimulator
		AppStore|Any CPU = AppStore|Any CPU
		AppStore|iPhone = AppStore|iPhone
		AppStore|iPhoneSimulator = AppStore|iPhoneSimulator
		Debug|Any CPU = Debug|Any CPU
		Debug|iPhone = Debug|iPhone
		Debug|iPhoneSimulator = Debug|iPhoneSimulator
		Release|Any CPU = Release|Any CPU
		Release|iPhone = Release|iPhone
		Release|iPhoneSimulator = Release|iPhoneSimulator
	EndGlobalSection
	GlobalSection(ProjectConfigurationPlatforms) = postSolution
		{0197FB05-76C7-4140-91EE-D4ED1AB5F910}.Ad-Hoc|Any CPU.ActiveCfg = Release|Any CPU
		{0197FB05-76C7-4140-91EE-D4ED1AB5F910}.Ad-Hoc|Any CPU.Build.0 = Release|Any CPU
		{0197FB05-76C7-4140-91EE-D4ED1AB5F910}.Ad-Hoc|Any CPU.Deploy.0 = Release|Any CPU
		{0197FB05-76C7-4140-91EE-D4ED1AB5F910}.Ad-Hoc|iPhone.ActiveCfg = Release|Any CPU
		{0197FB05-76C7-4140-91EE-D4ED1AB5F910}.Ad-Hoc|iPhone.Build.0 = Release|Any CPU
		{0197FB05-76C7-4140-91EE-D4ED1AB5F910}.Ad-Hoc|iPhone.Deploy.0 = Release|Any CPU
		{0197FB05-76C7-4140-91EE-D4ED1AB5F910}.Ad-Hoc|iPhoneSimulator.ActiveCfg = Release|Any CPU
		{0197FB05-76C7-4140-91EE-D4ED1AB5F910}.Ad-Hoc|iPhoneSimulator.Build.0 = Release|Any CPU
		{0197FB05-76C7-4140-91EE-D4ED1AB5F910}.Ad-Hoc|iPhoneSimulator.Deploy.0 = Release|Any CPU
		{0197FB05-76C7-4140-91EE-D4ED1AB5F910}.AppStore|Any CPU.ActiveCfg = Release|Any CPU
		{0197FB05-76C7-4140-91EE-D4ED1AB5F910}.AppStore|Any CPU.Build.0 = Release|Any CPU
		{0197FB05-76C7-4140-91EE-D4ED1AB5F910}.AppStore|Any CPU.Deploy.0 = Release|Any CPU
		{0197FB05-76C7-4140-91EE-D4ED1AB5F910}.AppStore|iPhone.ActiveCfg = Release|Any CPU
		{0197FB05-76C7-4140-91EE-D4ED1AB5F910}.AppStore|iPhone.Build.0 = Release|Any CPU
		{0197FB05-76C7-4140-91EE-D4ED1AB5F910}.AppStore|iPhone.Deploy.0 = Release|Any CPU
		{0197FB05-76C7-4140-91EE-D4ED1AB5F910}.AppStore|iPhoneSimulator.ActiveCfg = Release|Any CPU
		{0197FB05-76C7-4140-91EE-D4ED1AB5F910}.AppStore|iPhoneSimulator.Build.0 = Release|Any CPU
		{0197FB05-76C7-4140-91EE-D4ED1AB5F910}.AppStore|iPhoneSimulator.Deploy.0 = Release|Any CPU
		{0197FB05-76C7-4140-91EE-D4ED1AB5F910}.Debug|Any CPU.ActiveCfg = Debug|Any CPU
		{0197FB05-76C7-4140-91EE-D4ED1AB5F910}.Debug|Any CPU.Build.0 = Debug|Any CPU
		{0197FB05-76C7-4140-91EE-D4ED1AB5F910}.Debug|Any CPU.Deploy.0 = Debug|Any CPU
		{0197FB05-76C7-4140-91EE-D4ED1AB5F910}.Debug|iPhone.ActiveCfg = Debug|Any CPU
		{0197FB05-76C7-4140-91EE-D4ED1AB5F910}.Debug|iPhone.Build.0 = Debug|Any CPU
		{0197FB05-76C7-4140-91EE-D4ED1AB5F910}.Debug|iPhone.Deploy.0 = Debug|Any CPU
		{0197FB05-76C7-4140-91EE-D4ED1AB5F910}.Debug|iPhoneSimulator.ActiveCfg = Debug|Any CPU
		{0197FB05-76C7-4140-91EE-D4ED1AB5F910}.Debug|iPhoneSimulator.Build.0 = Debug|Any CPU
		{0197FB05-76C7-4140-91EE-D4ED1AB5F910}.Debug|iPhoneSimulator.Deploy.0 = Debug|Any CPU
		{0197FB05-76C7-4140-91EE-D4ED1AB5F910}.Release|Any CPU.ActiveCfg = Release|Any CPU
		{0197FB05-76C7-4140-91EE-D4ED1AB5F910}.Release|Any CPU.Build.0 = Release|Any CPU
		{0197FB05-76C7-4140-91EE-D4ED1AB5F910}.Release|Any CPU.Deploy.0 = Release|Any CPU
		{0197FB05-76C7-4140-91EE-D4ED1AB5F910}.Release|iPhone.ActiveCfg = Release|Any CPU
		{0197FB05-76C7-4140-91EE-D4ED1AB5F910}.Release|iPhone.Build.0 = Release|Any CPU
		{0197FB05-76C7-4140-91EE-D4ED1AB5F910}.Release|iPhone.Deploy.0 = Release|Any CPU
		{0197FB05-76C7-4140-91EE-D4ED1AB5F910}.Release|iPhoneSimulator.ActiveCfg = Release|Any CPU
		{0197FB05-76C7-4140-91EE-D4ED1AB5F910}.Release|iPhoneSimulator.Build.0 = Release|Any CPU
		{0197FB05-76C7-4140-91EE-D4ED1AB5F910}.Release|iPhoneSimulator.Deploy.0 = Release|Any CPU
		{F81270C4-7E40-4ECA-BDC1-439A7675862F}.Ad-Hoc|Any CPU.ActiveCfg = Ad-Hoc|iPhone
		{F81270C4-7E40-4ECA-BDC1-439A7675862F}.Ad-Hoc|Any CPU.Build.0 = Ad-Hoc|iPhone
		{F81270C4-7E40-4ECA-BDC1-439A7675862F}.Ad-Hoc|Any CPU.Deploy.0 = Ad-Hoc|iPhone
		{F81270C4-7E40-4ECA-BDC1-439A7675862F}.Ad-Hoc|iPhone.ActiveCfg = Ad-Hoc|iPhone
		{F81270C4-7E40-4ECA-BDC1-439A7675862F}.Ad-Hoc|iPhone.Build.0 = Ad-Hoc|iPhone
		{F81270C4-7E40-4ECA-BDC1-439A7675862F}.Ad-Hoc|iPhone.Deploy.0 = Ad-Hoc|iPhone
		{F81270C4-7E40-4ECA-BDC1-439A7675862F}.Ad-Hoc|iPhoneSimulator.ActiveCfg = Ad-Hoc|iPhoneSimulator
		{F81270C4-7E40-4ECA-BDC1-439A7675862F}.Ad-Hoc|iPhoneSimulator.Build.0 = Ad-Hoc|iPhoneSimulator
		{F81270C4-7E40-4ECA-BDC1-439A7675862F}.Ad-Hoc|iPhoneSimulator.Deploy.0 = Ad-Hoc|iPhoneSimulator
		{F81270C4-7E40-4ECA-BDC1-439A7675862F}.AppStore|Any CPU.ActiveCfg = AppStore|iPhone
		{F81270C4-7E40-4ECA-BDC1-439A7675862F}.AppStore|Any CPU.Build.0 = AppStore|iPhone
		{F81270C4-7E40-4ECA-BDC1-439A7675862F}.AppStore|Any CPU.Deploy.0 = AppStore|iPhone
		{F81270C4-7E40-4ECA-BDC1-439A7675862F}.AppStore|iPhone.ActiveCfg = AppStore|iPhone
		{F81270C4-7E40-4ECA-BDC1-439A7675862F}.AppStore|iPhone.Build.0 = AppStore|iPhone
		{F81270C4-7E40-4ECA-BDC1-439A7675862F}.AppStore|iPhone.Deploy.0 = AppStore|iPhone
		{F81270C4-7E40-4ECA-BDC1-439A7675862F}.AppStore|iPhoneSimulator.ActiveCfg = AppStore|iPhoneSimulator
		{F81270C4-7E40-4ECA-BDC1-439A7675862F}.AppStore|iPhoneSimulator.Build.0 = AppStore|iPhoneSimulator
		{F81270C4-7E40-4ECA-BDC1-439A7675862F}.AppStore|iPhoneSimulator.Deploy.0 = AppStore|iPhoneSimulator
		{F81270C4-7E40-4ECA-BDC1-439A7675862F}.Debug|Any CPU.ActiveCfg = Debug|iPhoneSimulator
		{F81270C4-7E40-4ECA-BDC1-439A7675862F}.Debug|Any CPU.Build.0 = Debug|iPhoneSimulator
		{F81270C4-7E40-4ECA-BDC1-439A7675862F}.Debug|Any CPU.Deploy.0 = Debug|iPhoneSimulator
		{F81270C4-7E40-4ECA-BDC1-439A7675862F}.Debug|iPhone.ActiveCfg = Debug|iPhone
		{F81270C4-7E40-4ECA-BDC1-439A7675862F}.Debug|iPhone.Build.0 = Debug|iPhone
		{F81270C4-7E40-4ECA-BDC1-439A7675862F}.Debug|iPhone.Deploy.0 = Debug|iPhone
		{F81270C4-7E40-4ECA-BDC1-439A7675862F}.Debug|iPhoneSimulator.ActiveCfg = Debug|iPhoneSimulator
		{F81270C4-7E40-4ECA-BDC1-439A7675862F}.Debug|iPhoneSimulator.Build.0 = Debug|iPhoneSimulator
		{F81270C4-7E40-4ECA-BDC1-439A7675862F}.Debug|iPhoneSimulator.Deploy.0 = Debug|iPhoneSimulator
		{F81270C4-7E40-4ECA-BDC1-439A7675862F}.Release|Any CPU.ActiveCfg = Release|iPhone
		{F81270C4-7E40-4ECA-BDC1-439A7675862F}.Release|Any CPU.Build.0 = Release|iPhone
		{F81270C4-7E40-4ECA-BDC1-439A7675862F}.Release|Any CPU.Deploy.0 = Release|iPhone
		{F81270C4-7E40-4ECA-BDC1-439A7675862F}.Release|iPhone.ActiveCfg = Release|iPhone
		{F81270C4-7E40-4ECA-BDC1-439A7675862F}.Release|iPhone.Build.0 = Release|iPhone
		{F81270C4-7E40-4ECA-BDC1-439A7675862F}.Release|iPhone.Deploy.0 = Release|iPhone
		{F81270C4-7E40-4ECA-BDC1-439A7675862F}.Release|iPhoneSimulator.ActiveCfg = Release|iPhoneSimulator
		{F81270C4-7E40-4ECA-BDC1-439A7675862F}.Release|iPhoneSimulator.Build.0 = Release|iPhoneSimulator
		{F81270C4-7E40-4ECA-BDC1-439A7675862F}.Release|iPhoneSimulator.Deploy.0 = Release|iPhoneSimulator
		{03A29A30-07AA-4D7B-910E-E9EB73307E99}.Ad-Hoc|Any CPU.ActiveCfg = Debug|Any CPU
		{03A29A30-07AA-4D7B-910E-E9EB73307E99}.Ad-Hoc|Any CPU.Build.0 = Debug|Any CPU
		{03A29A30-07AA-4D7B-910E-E9EB73307E99}.Ad-Hoc|Any CPU.Deploy.0 = Debug|Any CPU
		{03A29A30-07AA-4D7B-910E-E9EB73307E99}.Ad-Hoc|iPhone.ActiveCfg = Debug|Any CPU
		{03A29A30-07AA-4D7B-910E-E9EB73307E99}.Ad-Hoc|iPhone.Build.0 = Debug|Any CPU
		{03A29A30-07AA-4D7B-910E-E9EB73307E99}.Ad-Hoc|iPhone.Deploy.0 = Debug|Any CPU
		{03A29A30-07AA-4D7B-910E-E9EB73307E99}.Ad-Hoc|iPhoneSimulator.ActiveCfg = Debug|Any CPU
		{03A29A30-07AA-4D7B-910E-E9EB73307E99}.Ad-Hoc|iPhoneSimulator.Build.0 = Debug|Any CPU
		{03A29A30-07AA-4D7B-910E-E9EB73307E99}.Ad-Hoc|iPhoneSimulator.Deploy.0 = Debug|Any CPU
		{03A29A30-07AA-4D7B-910E-E9EB73307E99}.AppStore|Any CPU.ActiveCfg = Debug|Any CPU
		{03A29A30-07AA-4D7B-910E-E9EB73307E99}.AppStore|Any CPU.Build.0 = Debug|Any CPU
		{03A29A30-07AA-4D7B-910E-E9EB73307E99}.AppStore|Any CPU.Deploy.0 = Debug|Any CPU
		{03A29A30-07AA-4D7B-910E-E9EB73307E99}.AppStore|iPhone.ActiveCfg = Debug|Any CPU
		{03A29A30-07AA-4D7B-910E-E9EB73307E99}.AppStore|iPhone.Build.0 = Debug|Any CPU
		{03A29A30-07AA-4D7B-910E-E9EB73307E99}.AppStore|iPhone.Deploy.0 = Debug|Any CPU
		{03A29A30-07AA-4D7B-910E-E9EB73307E99}.AppStore|iPhoneSimulator.ActiveCfg = Debug|Any CPU
		{03A29A30-07AA-4D7B-910E-E9EB73307E99}.AppStore|iPhoneSimulator.Build.0 = Debug|Any CPU
		{03A29A30-07AA-4D7B-910E-E9EB73307E99}.AppStore|iPhoneSimulator.Deploy.0 = Debug|Any CPU
		{03A29A30-07AA-4D7B-910E-E9EB73307E99}.Debug|Any CPU.ActiveCfg = Debug|Any CPU
		{03A29A30-07AA-4D7B-910E-E9EB73307E99}.Debug|Any CPU.Build.0 = Debug|Any CPU
		{03A29A30-07AA-4D7B-910E-E9EB73307E99}.Debug|Any CPU.Deploy.0 = Debug|Any CPU
		{03A29A30-07AA-4D7B-910E-E9EB73307E99}.Debug|iPhone.ActiveCfg = Debug|Any CPU
		{03A29A30-07AA-4D7B-910E-E9EB73307E99}.Debug|iPhone.Build.0 = Debug|Any CPU
		{03A29A30-07AA-4D7B-910E-E9EB73307E99}.Debug|iPhone.Deploy.0 = Debug|Any CPU
		{03A29A30-07AA-4D7B-910E-E9EB73307E99}.Debug|iPhoneSimulator.ActiveCfg = Debug|Any CPU
		{03A29A30-07AA-4D7B-910E-E9EB73307E99}.Debug|iPhoneSimulator.Build.0 = Debug|Any CPU
		{03A29A30-07AA-4D7B-910E-E9EB73307E99}.Debug|iPhoneSimulator.Deploy.0 = Debug|Any CPU
		{03A29A30-07AA-4D7B-910E-E9EB73307E99}.Release|Any CPU.ActiveCfg = Release|Any CPU
		{03A29A30-07AA-4D7B-910E-E9EB73307E99}.Release|Any CPU.Build.0 = Release|Any CPU
		{03A29A30-07AA-4D7B-910E-E9EB73307E99}.Release|Any CPU.Deploy.0 = Release|Any CPU
		{03A29A30-07AA-4D7B-910E-E9EB73307E99}.Release|iPhone.ActiveCfg = Release|Any CPU
		{03A29A30-07AA-4D7B-910E-E9EB73307E99}.Release|iPhone.Build.0 = Release|Any CPU
		{03A29A30-07AA-4D7B-910E-E9EB73307E99}.Release|iPhone.Deploy.0 = Release|Any CPU
		{03A29A30-07AA-4D7B-910E-E9EB73307E99}.Release|iPhoneSimulator.ActiveCfg = Release|Any CPU
		{03A29A30-07AA-4D7B-910E-E9EB73307E99}.Release|iPhoneSimulator.Build.0 = Release|Any CPU
		{03A29A30-07AA-4D7B-910E-E9EB73307E99}.Release|iPhoneSimulator.Deploy.0 = Release|Any CPU
	EndGlobalSection
	GlobalSection(SolutionProperties) = preSolution
		HideSolutionNode = FALSE
	EndGlobalSection
	GlobalSection(ExtensibilityGlobals) = postSolution
		SolutionGuid = {D512E907-CB37-4ACF-BFB9-7F7CDEC380A8}
	EndGlobalSection
EndGlobal
